{
    "hash": "75b85df475210b0278ddd459fd85c6dd",
    "packages": [
        {
            "package": "evenement/evenement",
            "version": "dev-master",
            "source-reference": "fa966683e7df3e5dd5929d984a44abfbd6bafe8d"
        },
        {
            "package": "monolog/monolog",
            "version": "1.1.0"
        },
        {
            "package": "pimple/pimple",
            "version": "dev-master",
            "source-reference": "v1.0.0"
        },
        {
            "package": "symfony/finder",
            "version": "2.0.x-dev",
            "source-reference": "v2.0.15"
        },
        {
            "package": "symfony/yaml",
            "version": "2.0.x-dev",
            "source-reference": "7eb70264627e696aa7d2825a88d7cef053e8a302"
        }
    ],
    "packages-dev": null,
    "aliases": [

    ],
    "minimum-stability": "dev",
    "stability-flags": {
        "evenement/evenement": 20,
        "pimple/pimple": 20
    }
}
