{
    "hash": "59fd43a3d2ae82181920811adf33c487",
    "packages": [
        {
            "package": "evenement/evenement",
            "version": "dev-master",
            "source-reference": "fa966683e7df3e5dd5929d984a44abfbd6bafe8d"
        },
        {
            "package": "symfony/finder",
            "version": "2.0.x-dev",
            "source-reference": "v2.0.15"
        },
        {
            "package": "symfony/yaml",
            "version": "2.0.x-dev",
            "source-reference": "7eb70264627e696aa7d2825a88d7cef053e8a302"
        }
    ],
    "packages-dev": null,
    "aliases": [

    ],
    "minimum-stability": "dev",
    "stability-flags": {
        "evenement/evenement": 20
    }
}
